
Microsoft Visual Studio Solution File, Format Version 12.00
# Visual Studio Version 17
VisualStudioVersion = 17.10.34707.107
MinimumVisualStudioVersion = 10.0.40219.1
Project("{9A19103F-16F7-4668-BE54-9A1E7A4F7556}") = "SynoAI", "SynoAI\SynoAI.csproj", "{7C623397-C7A3-4D7B-938C-04888B5E463C}"
EndProject
Global
	GlobalSection(SolutionConfigurationPlatforms) = preSolution
		Debug|Any CPU = Debug|Any CPU
		Release|Any CPU = Release|Any CPU
	EndGlobalSection
	GlobalSection(ProjectConfigurationPlatforms) = postSolution
		{7C623397-C7A3-4D7B-938C-04888B5E463C}.Debug|Any CPU.ActiveCfg = Debug|Any CPU
		{7C623397-C7A3-4D7B-938C-04888B5E463C}.Debug|Any CPU.Build.0 = Debug|Any CPU
		{7C623397-C7A3-4D7B-938C-04888B5E463C}.Release|Any CPU.ActiveCfg = Release|Any CPU
		{7C623397-C7A3-4D7B-938C-04888B5E463C}.Release|Any CPU.Build.0 = Release|Any CPU
	EndGlobalSection
	GlobalSection(SolutionProperties) = preSolution
		HideSolutionNode = FALSE
	EndGlobalSection
	GlobalSection(ExtensibilityGlobals) = postSolution
		SolutionGuid = {5E30A4A9-2132-4C95-B0AC-5907FA5AF486}
	EndGlobalSection
EndGlobal
